<?xml version="1.0" encoding="utf-8"?>
<Project ToolsVersion="4.0" xmlns="http://schemas.microsoft.com/developer/msbuild/2003">
  <ItemGroup>
    <CudaCompile Include="Convolution.cu" />
  </ItemGroup>
  <ItemGroup>
    <Filter Include="MAPS">
      <UniqueIdentifier>{34f376ef-3946-488f-b196-7bb871313d8a}</UniqueIdentifier>
    </Filter>
    <Filter Include="MAPS\Input Containers">
      <UniqueIdentifier>{35c97dd3-df45-43fe-8dca-a8175faa82c4}</UniqueIdentifier>
    </Filter>
    <Filter Include="MAPS\Algorithms">
      <UniqueIdentifier>{43da73ed-7026-4e0d-a7f5-c231354932e2}</UniqueIdentifier>
    </Filter>
    <Filter Include="MAPS\Index Mappers">
      <UniqueIdentifier>{fb71cb4b-4e1b-4c66-a3ec-46940f466e30}</UniqueIdentifier>
    </Filter>
    <Filter Include="MAPS\Internal">
      <UniqueIdentifier>{9b4b9f76-7df9-41ed-99d5-99eeb2568146}</UniqueIdentifier>
    </Filter>
  </ItemGroup>
  <ItemGroup>
    <ClInclude Include="..\..\include\maps\maps.cuh">
      <Filter>MAPS</Filter>
    </ClInclude>
    <ClInclude Include="..\..\include\maps\input_containers\adjacency.cuh">
      <Filter>MAPS\Input Containers</Filter>
    </ClInclude>
    <ClInclude Include="..\..\include\maps\input_containers\block1D.cuh">
      <Filter>MAPS\Input Containers</Filter>
    </ClInclude>
    <ClInclude Include="..\..\include\maps\input_containers\block2D.cuh">
      <Filter>MAPS\Input Containers</Filter>
    </ClInclude>
    <ClInclude Include="..\..\include\maps\input_containers\permutation.cuh">
      <Filter>MAPS\Input Containers</Filter>
    </ClInclude>
    <ClInclude Include="..\..\include\maps\input_containers\traversal.cuh">
      <Filter>MAPS\Input Containers</Filter>
    </ClInclude>
    <ClInclude Include="..\..\include\maps\input_containers\window1D.cuh">
      <Filter>MAPS\Input Containers</Filter>
    </ClInclude>
    <ClInclude Include="..\..\include\maps\input_containers\window2D.cuh">
      <Filter>MAPS\Input Containers</Filter>
    </ClInclude>
    <ClInclude Include="..\..\include\maps\algorithms\histogram.cuh">
      <Filter>MAPS\Algorithms</Filter>
    </ClInclude>
    <ClInclude Include="..\..\include\maps\algorithms\reduction.cuh">
      <Filter>MAPS\Algorithms</Filter>
    </ClInclude>
    <ClInclude Include="..\..\include\maps\index_mappers\graph_mapper.hpp">
      <Filter>MAPS\Index Mappers</Filter>
    </ClInclude>
    <ClInclude Include="..\..\include\maps\internal\common.cuh">
      <Filter>MAPS\Internal</Filter>
    </ClInclude>
    <ClInclude Include="..\..\include\maps\internal\cuda_utils.hpp">
      <Filter>MAPS\Internal</Filter>
    </ClInclude>
    <ClInclude Include="..\..\include\maps\internal\texref.cuh">
      <Filter>MAPS\Internal</Filter>
    </ClInclude>
    <ClInclude Include="..\..\include\maps\internal\type_traits.hpp">
      <Filter>MAPS\Internal</Filter>
    </ClInclude>
  </ItemGroup>
</Project>