<?xml version="1.0" encoding="utf-8"?>
<Project ToolsVersion="4.0" xmlns="http://schemas.microsoft.com/developer/msbuild/2003">
  <ItemGroup>
    <Filter Include="maps">
      <UniqueIdentifier>{600f5c6c-eb0f-40df-a857-84f58d695f59}</UniqueIdentifier>
    </Filter>
    <Filter Include="maps\input containers">
      <UniqueIdentifier>{4b559708-b98e-4706-b5f3-cbc33d596641}</UniqueIdentifier>
    </Filter>
    <Filter Include="maps\algorithms">
      <UniqueIdentifier>{dea3cb54-bc10-4c40-930b-f193b311b10c}</UniqueIdentifier>
    </Filter>
    <Filter Include="maps\index mappers">
      <UniqueIdentifier>{be143b66-5a7e-4493-963c-6d4d499fd305}</UniqueIdentifier>
    </Filter>
    <Filter Include="maps\internal">
      <UniqueIdentifier>{052de78a-037d-4666-965f-f6b229c6c00e}</UniqueIdentifier>
    </Filter>
  </ItemGroup>
  <ItemGroup>
    <ClInclude Include="..\..\maps\maps.cuh">
      <Filter>maps</Filter>
    </ClInclude>
    <ClInclude Include="..\..\maps\input_containers\adjacency.cuh">
      <Filter>maps\input containers</Filter>
    </ClInclude>
    <ClInclude Include="..\..\maps\input_containers\block1D.cuh">
      <Filter>maps\input containers</Filter>
    </ClInclude>
    <ClInclude Include="..\..\maps\input_containers\block2D.cuh">
      <Filter>maps\input containers</Filter>
    </ClInclude>
    <ClInclude Include="..\..\maps\input_containers\permutation.cuh">
      <Filter>maps\input containers</Filter>
    </ClInclude>
    <ClInclude Include="..\..\maps\input_containers\traversal.cuh">
      <Filter>maps\input containers</Filter>
    </ClInclude>
    <ClInclude Include="..\..\maps\input_containers\window1D.cuh">
      <Filter>maps\input containers</Filter>
    </ClInclude>
    <ClInclude Include="..\..\maps\input_containers\window2D.cuh">
      <Filter>maps\input containers</Filter>
    </ClInclude>
    <ClInclude Include="..\..\maps\algorithms\histogram.cuh">
      <Filter>maps\algorithms</Filter>
    </ClInclude>
    <ClInclude Include="..\..\maps\algorithms\reduction.cuh">
      <Filter>maps\algorithms</Filter>
    </ClInclude>
    <ClInclude Include="..\..\maps\index_mappers\graph_mapper.hpp">
      <Filter>maps\index mappers</Filter>
    </ClInclude>
    <ClInclude Include="..\..\maps\internal\common.cuh">
      <Filter>maps\internal</Filter>
    </ClInclude>
    <ClInclude Include="..\..\maps\internal\texref.cuh">
      <Filter>maps\internal</Filter>
    </ClInclude>
    <ClInclude Include="..\..\maps\internal\type_traits.hpp">
      <Filter>maps\internal</Filter>
    </ClInclude>
  </ItemGroup>
  <ItemGroup>
    <CudaCompile Include="ImageConvolution.cu" />
  </ItemGroup>
</Project>