
Microsoft Visual Studio Solution File, Format Version 12.00
# Visual Studio 2012
Project("{8BC9CEB8-8B4A-11D0-8D11-00A0C91BC942}") = "Convolution", "Convolution\Convolution.vcxproj", "{5F550A03-DF55-4873-852F-7C2CACAB65D5}"
EndProject
Project("{8BC9CEB8-8B4A-11D0-8D11-00A0C91BC942}") = "Histogram", "Histogram\Histogram.vcxproj", "{E2D1BD09-58CC-4D52-9C4B-ECEF690881CB}"
EndProject
Project("{8BC9CEB8-8B4A-11D0-8D11-00A0C91BC942}") = "ImageConvolution", "ImageConvolution\ImageConvolution.vcxproj", "{1780F322-626F-46C8-BE31-DA865525746E}"
EndProject
Project("{8BC9CEB8-8B4A-11D0-8D11-00A0C91BC942}") = "MatrixMultiplication", "MatrixMultiplication\MatrixMultiplication.vcxproj", "{3330F429-F336-45FB-B5E9-C0D7D37884D0}"
EndProject
Project("{8BC9CEB8-8B4A-11D0-8D11-00A0C91BC942}") = "N-Body", "N-Body\N-Body.vcxproj", "{EF11CB87-8C60-4426-A52B-6FE2228B959F}"
EndProject
Global
	GlobalSection(SolutionConfigurationPlatforms) = preSolution
		Debug|Win32 = Debug|Win32
		Debug|x64 = Debug|x64
		Release|Win32 = Release|Win32
		Release|x64 = Release|x64
	EndGlobalSection
	GlobalSection(ProjectConfigurationPlatforms) = postSolution
		{5F550A03-DF55-4873-852F-7C2CACAB65D5}.Debug|Win32.ActiveCfg = Debug|Win32
		{5F550A03-DF55-4873-852F-7C2CACAB65D5}.Debug|Win32.Build.0 = Debug|Win32
		{5F550A03-DF55-4873-852F-7C2CACAB65D5}.Debug|x64.ActiveCfg = Debug|x64
		{5F550A03-DF55-4873-852F-7C2CACAB65D5}.Debug|x64.Build.0 = Debug|x64
		{5F550A03-DF55-4873-852F-7C2CACAB65D5}.Release|Win32.ActiveCfg = Release|Win32
		{5F550A03-DF55-4873-852F-7C2CACAB65D5}.Release|Win32.Build.0 = Release|Win32
		{5F550A03-DF55-4873-852F-7C2CACAB65D5}.Release|x64.ActiveCfg = Release|x64
		{5F550A03-DF55-4873-852F-7C2CACAB65D5}.Release|x64.Build.0 = Release|x64
		{E2D1BD09-58CC-4D52-9C4B-ECEF690881CB}.Debug|Win32.ActiveCfg = Debug|Win32
		{E2D1BD09-58CC-4D52-9C4B-ECEF690881CB}.Debug|Win32.Build.0 = Debug|Win32
		{E2D1BD09-58CC-4D52-9C4B-ECEF690881CB}.Debug|x64.ActiveCfg = Debug|x64
		{E2D1BD09-58CC-4D52-9C4B-ECEF690881CB}.Debug|x64.Build.0 = Debug|x64
		{E2D1BD09-58CC-4D52-9C4B-ECEF690881CB}.Release|Win32.ActiveCfg = Release|Win32
		{E2D1BD09-58CC-4D52-9C4B-ECEF690881CB}.Release|Win32.Build.0 = Release|Win32
		{E2D1BD09-58CC-4D52-9C4B-ECEF690881CB}.Release|x64.ActiveCfg = Release|x64
		{E2D1BD09-58CC-4D52-9C4B-ECEF690881CB}.Release|x64.Build.0 = Release|x64
		{1780F322-626F-46C8-BE31-DA865525746E}.Debug|Win32.ActiveCfg = Debug|Win32
		{1780F322-626F-46C8-BE31-DA865525746E}.Debug|Win32.Build.0 = Debug|Win32
		{1780F322-626F-46C8-BE31-DA865525746E}.Debug|x64.ActiveCfg = Debug|x64
		{1780F322-626F-46C8-BE31-DA865525746E}.Debug|x64.Build.0 = Debug|x64
		{1780F322-626F-46C8-BE31-DA865525746E}.Release|Win32.ActiveCfg = Release|Win32
		{1780F322-626F-46C8-BE31-DA865525746E}.Release|Win32.Build.0 = Release|Win32
		{1780F322-626F-46C8-BE31-DA865525746E}.Release|x64.ActiveCfg = Release|x64
		{1780F322-626F-46C8-BE31-DA865525746E}.Release|x64.Build.0 = Release|x64
		{3330F429-F336-45FB-B5E9-C0D7D37884D0}.Debug|Win32.ActiveCfg = Debug|Win32
		{3330F429-F336-45FB-B5E9-C0D7D37884D0}.Debug|Win32.Build.0 = Debug|Win32
		{3330F429-F336-45FB-B5E9-C0D7D37884D0}.Debug|x64.ActiveCfg = Debug|x64
		{3330F429-F336-45FB-B5E9-C0D7D37884D0}.Debug|x64.Build.0 = Debug|x64
		{3330F429-F336-45FB-B5E9-C0D7D37884D0}.Release|Win32.ActiveCfg = Release|Win32
		{3330F429-F336-45FB-B5E9-C0D7D37884D0}.Release|Win32.Build.0 = Release|Win32
		{3330F429-F336-45FB-B5E9-C0D7D37884D0}.Release|x64.ActiveCfg = Release|x64
		{3330F429-F336-45FB-B5E9-C0D7D37884D0}.Release|x64.Build.0 = Release|x64
		{EF11CB87-8C60-4426-A52B-6FE2228B959F}.Debug|Win32.ActiveCfg = Debug|Win32
		{EF11CB87-8C60-4426-A52B-6FE2228B959F}.Debug|Win32.Build.0 = Debug|Win32
		{EF11CB87-8C60-4426-A52B-6FE2228B959F}.Debug|x64.ActiveCfg = Debug|x64
		{EF11CB87-8C60-4426-A52B-6FE2228B959F}.Debug|x64.Build.0 = Debug|x64
		{EF11CB87-8C60-4426-A52B-6FE2228B959F}.Release|Win32.ActiveCfg = Release|Win32
		{EF11CB87-8C60-4426-A52B-6FE2228B959F}.Release|Win32.Build.0 = Release|Win32
		{EF11CB87-8C60-4426-A52B-6FE2228B959F}.Release|x64.ActiveCfg = Release|x64
		{EF11CB87-8C60-4426-A52B-6FE2228B959F}.Release|x64.Build.0 = Release|x64
	EndGlobalSection
	GlobalSection(SolutionProperties) = preSolution
		HideSolutionNode = FALSE
	EndGlobalSection
EndGlobal
